
Microsoft Visual Studio Solution File, Format Version 12.00
# Visual Studio 14
VisualStudioVersion = 14.0.25420.1
MinimumVisualStudioVersion = 10.0.40219.1
Project("{F184B08F-C81C-45F6-A57F-5ABD9991F28F}") = "SciDigitizerAsic", "SiPM Guid\SciDigitizerAsic.vbproj", "{D8533211-324F-4050-8AF7-B099843EE2C6}"
EndProject
Project("{FAE04EC0-301F-11D3-BF4B-00C04F79EFBC}") = "DT5550W-P-lib", "DT5550W-P-lib\DT5550W-P-lib.csproj", "{80B146F2-2026-49E4-8F4D-BC36BAD13B61}"
EndProject
Project("{F184B08F-C81C-45F6-A57F-5ABD9991F28F}") = "MultiboardDAQDT5550W_PETIROC", "MultiboardDAQDT5550W_PETIROC\MultiboardDAQDT5550W_PETIROC.vbproj", "{714051A9-C7F1-4487-B77B-FB9FB8BA0E14}"
EndProject
Global
	GlobalSection(SolutionConfigurationPlatforms) = preSolution
		Debug|Any CPU = Debug|Any CPU
		Release|Any CPU = Release|Any CPU
	EndGlobalSection
	GlobalSection(ProjectConfigurationPlatforms) = postSolution
		{D8533211-324F-4050-8AF7-B099843EE2C6}.Debug|Any CPU.ActiveCfg = Debug|Any CPU
		{D8533211-324F-4050-8AF7-B099843EE2C6}.Debug|Any CPU.Build.0 = Debug|Any CPU
		{D8533211-324F-4050-8AF7-B099843EE2C6}.Release|Any CPU.ActiveCfg = Release|Any CPU
		{D8533211-324F-4050-8AF7-B099843EE2C6}.Release|Any CPU.Build.0 = Release|Any CPU
		{80B146F2-2026-49E4-8F4D-BC36BAD13B61}.Debug|Any CPU.ActiveCfg = Debug|Any CPU
		{80B146F2-2026-49E4-8F4D-BC36BAD13B61}.Debug|Any CPU.Build.0 = Debug|Any CPU
		{80B146F2-2026-49E4-8F4D-BC36BAD13B61}.Release|Any CPU.ActiveCfg = Release|Any CPU
		{80B146F2-2026-49E4-8F4D-BC36BAD13B61}.Release|Any CPU.Build.0 = Release|Any CPU
		{714051A9-C7F1-4487-B77B-FB9FB8BA0E14}.Debug|Any CPU.ActiveCfg = Debug|Any CPU
		{714051A9-C7F1-4487-B77B-FB9FB8BA0E14}.Debug|Any CPU.Build.0 = Debug|Any CPU
		{714051A9-C7F1-4487-B77B-FB9FB8BA0E14}.Release|Any CPU.ActiveCfg = Release|Any CPU
		{714051A9-C7F1-4487-B77B-FB9FB8BA0E14}.Release|Any CPU.Build.0 = Release|Any CPU
	EndGlobalSection
	GlobalSection(SolutionProperties) = preSolution
		HideSolutionNode = FALSE
	EndGlobalSection
EndGlobal
